
Microsoft Visual Studio Solution File, Format Version 12.00
# Visual Studio Version 17
VisualStudioVersion = 17.0.31314.256
MinimumVisualStudioVersion = 10.0.40219.1
Project("{2150E333-8FDC-42A3-9474-1A3956D46DE8}") = "Engine", "Engine", "{233774A8-CC9D-3FA9-86D1-90573E92B704}"
EndProject
Project("{2150E333-8FDC-42A3-9474-1A3956D46DE8}") = "Games", "Games", "{DE1F8B53-6C02-3C13-9101-A7C8D96F3FF6}"
EndProject
Project("{8BC9CEB8-8B4A-11D0-8D11-00A0C91BC942}") = "UE5", "Intermediate\ProjectFiles\UE5.vcxproj", "{B72F78D7-671A-3472-8D6E-B006728ECD80}"
EndProject
Project("{8BC9CEB8-8B4A-11D0-8D11-00A0C91BC942}") = "P2Compulsory1", "Intermediate\ProjectFiles\P2Compulsory1.vcxproj", "{B59330A9-3F3F-3371-8468-B5ECECFD8430}"
EndProject
Project("{2150E333-8FDC-42A3-9474-1A3956D46DE8}") = "Visualizers", "Visualizers", "{1CCEC849-CC72-4C59-8C36-2F7C38706D4C}"
	ProjectSection(SolutionItems) = preProject
		..\..\..\EpicLibrary\UE_5.1\Engine\Extras\VisualStudioDebugging\Unreal.natvis = ..\..\..\EpicLibrary\UE_5.1\Engine\Extras\VisualStudioDebugging\Unreal.natvis
	EndProjectSection
EndProject
Global
	GlobalSection(SolutionConfigurationPlatforms) = preSolution
		DebugGame Editor|Win64 = DebugGame Editor|Win64
		DebugGame|Win64 = DebugGame|Win64
		Development Editor|Win64 = Development Editor|Win64
		Development|Win64 = Development|Win64
		Shipping|Win64 = Shipping|Win64
	EndGlobalSection
	# UnrealVS Section
	GlobalSection(ddbf523f-7eb6-4887-bd51-85a714ff87eb) = preSolution
		AvailablePlatforms=Win64
	EndGlobalSection
	GlobalSection(ProjectConfigurationPlatforms) = postSolution
		{B72F78D7-671A-3472-8D6E-B006728ECD80}.DebugGame Editor|Win64.ActiveCfg = BuiltWithUnrealBuildTool|Win64
		{B72F78D7-671A-3472-8D6E-B006728ECD80}.DebugGame|Win64.ActiveCfg = BuiltWithUnrealBuildTool|Win64
		{B72F78D7-671A-3472-8D6E-B006728ECD80}.Development Editor|Win64.ActiveCfg = BuiltWithUnrealBuildTool|Win64
		{B72F78D7-671A-3472-8D6E-B006728ECD80}.Development|Win64.ActiveCfg = BuiltWithUnrealBuildTool|Win64
		{B72F78D7-671A-3472-8D6E-B006728ECD80}.Shipping|Win64.ActiveCfg = BuiltWithUnrealBuildTool|Win64
		{B59330A9-3F3F-3371-8468-B5ECECFD8430}.DebugGame Editor|Win64.ActiveCfg = DebugGame_Editor|x64
		{B59330A9-3F3F-3371-8468-B5ECECFD8430}.DebugGame Editor|Win64.Build.0 = DebugGame_Editor|x64
		{B59330A9-3F3F-3371-8468-B5ECECFD8430}.DebugGame|Win64.ActiveCfg = DebugGame|x64
		{B59330A9-3F3F-3371-8468-B5ECECFD8430}.DebugGame|Win64.Build.0 = DebugGame|x64
		{B59330A9-3F3F-3371-8468-B5ECECFD8430}.Development Editor|Win64.ActiveCfg = Development_Editor|x64
		{B59330A9-3F3F-3371-8468-B5ECECFD8430}.Development Editor|Win64.Build.0 = Development_Editor|x64
		{B59330A9-3F3F-3371-8468-B5ECECFD8430}.Development|Win64.ActiveCfg = Development|x64
		{B59330A9-3F3F-3371-8468-B5ECECFD8430}.Development|Win64.Build.0 = Development|x64
		{B59330A9-3F3F-3371-8468-B5ECECFD8430}.Shipping|Win64.ActiveCfg = Shipping|x64
		{B59330A9-3F3F-3371-8468-B5ECECFD8430}.Shipping|Win64.Build.0 = Shipping|x64
	EndGlobalSection
	GlobalSection(SolutionProperties) = preSolution
		HideSolutionNode = FALSE
	EndGlobalSection
	GlobalSection(NestedProjects) = preSolution
		{B72F78D7-671A-3472-8D6E-B006728ECD80} = {233774A8-CC9D-3FA9-86D1-90573E92B704}
		{B59330A9-3F3F-3371-8468-B5ECECFD8430} = {DE1F8B53-6C02-3C13-9101-A7C8D96F3FF6}
	EndGlobalSection
EndGlobal
